// !$*UTF8*$!
{
	archiveVersion = 1;
	classes = {
	};
	objectVersion = 56;
	objects = {

/* Begin PBXBuildFile section */
		2A206EE42A2214510029D9D0 /* MyHabitsApp.swift in Sources */ = {isa = PBXBuildFile; fileRef = 2A206EE32A2214510029D9D0 /* MyHabitsApp.swift */; };
		2A206EE62A2214510029D9D0 /* ContentView.swift in Sources */ = {isa = PBXBuildFile; fileRef = 2A206EE52A2214510029D9D0 /* ContentView.swift */; };
		2A206EE82A2214520029D9D0 /* Assets.xcassets in Resources */ = {isa = PBXBuildFile; fileRef = 2A206EE72A2214520029D9D0 /* Assets.xcassets */; };
		2A206EEB2A2214520029D9D0 /* Preview Assets.xcassets in Resources */ = {isa = PBXBuildFile; fileRef = 2A206EEA2A2214520029D9D0 /* Preview Assets.xcassets */; };
		2A206EF52A2214520029D9D0 /* MyHabitsTests.swift in Sources */ = {isa = PBXBuildFile; fileRef = 2A206EF42A2214520029D9D0 /* MyHabitsTests.swift */; };
		2A206EFF2A2214520029D9D0 /* MyHabitsUITests.swift in Sources */ = {isa = PBXBuildFile; fileRef = 2A206EFE2A2214520029D9D0 /* MyHabitsUITests.swift */; };
		2A206F012A2214520029D9D0 /* MyHabitsUITestsLaunchTests.swift in Sources */ = {isa = PBXBuildFile; fileRef = 2A206F002A2214520029D9D0 /* MyHabitsUITestsLaunchTests.swift */; };
/* End PBXBuildFile section */

/* Begin PBXContainerItemProxy section */
		2A206EF12A2214520029D9D0 /* PBXContainerItemProxy */ = {
			isa = PBXContainerItemProxy;
			containerPortal = 2A206ED82A2214510029D9D0 /* Project object */;
			proxyType = 1;
			remoteGlobalIDString = 2A206EDF2A2214510029D9D0;
			remoteInfo = MyHabits;
		};
		2A206EFB2A2214520029D9D0 /* PBXContainerItemProxy */ = {
			isa = PBXContainerItemProxy;
			containerPortal = 2A206ED82A2214510029D9D0 /* Project object */;
			proxyType = 1;
			remoteGlobalIDString = 2A206EDF2A2214510029D9D0;
			remoteInfo = MyHabits;
		};
/* End PBXContainerItemProxy section */

/* Begin PBXFileReference section */
		2A206EE02A2214510029D9D0 /* MyHabits.app */ = {isa = PBXFileReference; explicitFileType = wrapper.application; includeInIndex = 0; path = MyHabits.app; sourceTree = BUILT_PRODUCTS_DIR; };
		2A206EE32A2214510029D9D0 /* MyHabitsApp.swift */ = {isa = PBXFileReference; lastKnownFileType = sourcecode.swift; path = MyHabitsApp.swift; sourceTree = "<group>"; };
		2A206EE52A2214510029D9D0 /* ContentView.swift */ = {isa = PBXFileReference; lastKnownFileType = sourcecode.swift; path = ContentView.swift; sourceTree = "<group>"; };
		2A206EE72A2214520029D9D0 /* Assets.xcassets */ = {isa = PBXFileReference; lastKnownFileType = folder.assetcatalog; path = Assets.xcassets; sourceTree = "<group>"; };
		2A206EEA2A2214520029D9D0 /* Preview Assets.xcassets */ = {isa = PBXFileReference; lastKnownFileType = folder.assetcatalog; path = "Preview Assets.xcassets"; sourceTree = "<group>"; };
		2A206EF02A2214520029D9D0 /* MyHabitsTests.xctest */ = {isa = PBXFileReference; explicitFileType = wrapper.cfbundle; includeInIndex = 0; path = MyHabitsTests.xctest; sourceTree = BUILT_PRODUCTS_DIR; };
		2A206EF42A2214520029D9D0 /* MyHabitsTests.swift */ = {isa = PBXFileReference; lastKnownFileType = sourcecode.swift; path = MyHabitsTests.swift; sourceTree = "<group>"; };
		2A206EFA2A2214520029D9D0 /* MyHabitsUITests.xctest */ = {isa = PBXFileReference; explicitFileType = wrapper.cfbundle; includeInIndex = 0; path = MyHabitsUITests.xctest; sourceTree = BUILT_PRODUCTS_DIR; };
		2A206EFE2A2214520029D9D0 /* MyHabitsUITests.swift */ = {isa = PBXFileReference; lastKnownFileType = sourcecode.swift; path = MyHabitsUITests.swift; sourceTree = "<group>"; };
		2A206F002A2214520029D9D0 /* MyHabitsUITestsLaunchTests.swift */ = {isa = PBXFileReference; lastKnownFileType = sourcecode.swift; path = MyHabitsUITestsLaunchTests.swift; sourceTree = "<group>"; };
/* End PBXFileReference section */

/* Begin PBXFrameworksBuildPhase section */
		2A206EDD2A2214510029D9D0 /* Frameworks */ = {
			isa = PBXFrameworksBuildPhase;
			buildActionMask = 2147483647;
			files = (
			);
			runOnlyForDeploymentPostprocessing = 0;
		};
		2A206EED2A2214520029D9D0 /* Frameworks */ = {
			isa = PBXFrameworksBuildPhase;
			buildActionMask = 2147483647;
			files = (
			);
			runOnlyForDeploymentPostprocessing = 0;
		};
		2A206EF72A2214520029D9D0 /* Frameworks */ = {
			isa = PBXFrameworksBuildPhase;
			buildActionMask = 2147483647;
			files = (
			);
			runOnlyForDeploymentPostprocessing = 0;
		};
/* End PBXFrameworksBuildPhase section */

/* Begin PBXGroup section */
		2A206ED72A2214510029D9D0 = {
			isa = PBXGroup;
			children = (
				2A206EE22A2214510029D9D0 /* MyHabits */,
				2A206EF32A2214520029D9D0 /* MyHabitsTests */,
				2A206EFD2A2214520029D9D0 /* MyHabitsUITests */,
				2A206EE12A2214510029D9D0 /* Products */,
			);
			sourceTree = "<group>";
		};
		2A206EE12A2214510029D9D0 /* Products */ = {
			isa = PBXGroup;
			children = (
				2A206EE02A2214510029D9D0 /* MyHabits.app */,
				2A206EF02A2214520029D9D0 /* MyHabitsTests.xctest */,
				2A206EFA2A2214520029D9D0 /* MyHabitsUITests.xctest */,
			);
			name = Products;
			sourceTree = "<group>";
		};
		2A206EE22A2214510029D9D0 /* MyHabits */ = {
			isa = PBXGroup;
			children = (
				2A206EE32A2214510029D9D0 /* MyHabitsApp.swift */,
				2A206EE52A2214510029D9D0 /* ContentView.swift */,
				2A206EE72A2214520029D9D0 /* Assets.xcassets */,
				2A206EE92A2214520029D9D0 /* Preview Content */,
			);
			path = MyHabits;
			sourceTree = "<group>";
		};
		2A206EE92A2214520029D9D0 /* Preview Content */ = {
			isa = PBXGroup;
			children = (
				2A206EEA2A2214520029D9D0 /* Preview Assets.xcassets */,
			);
			path = "Preview Content";
			sourceTree = "<group>";
		};
		2A206EF32A2214520029D9D0 /* MyHabitsTests */ = {
			isa = PBXGroup;
			children = (
				2A206EF42A2214520029D9D0 /* MyHabitsTests.swift */,
			);
			path = MyHabitsTests;
			sourceTree = "<group>";
		};
		2A206EFD2A2214520029D9D0 /* MyHabitsUITests */ = {
			isa = PBXGroup;
			children = (
				2A206EFE2A2214520029D9D0 /* MyHabitsUITests.swift */,
				2A206F002A2214520029D9D0 /* MyHabitsUITestsLaunchTests.swift */,
			);
			path = MyHabitsUITests;
			sourceTree = "<group>";
		};
/* End PBXGroup section */

/* Begin PBXNativeTarget section */
		2A206EDF2A2214510029D9D0 /* MyHabits */ = {
			isa = PBXNativeTarget;
			buildConfigurationList = 2A206F042A2214520029D9D0 /* Build configuration list for PBXNativeTarget "MyHabits" */;
			buildPhases = (
				2A206EDC2A2214510029D9D0 /* Sources */,
				2A206EDD2A2214510029D9D0 /* Frameworks */,
				2A206EDE2A2214510029D9D0 /* Resources */,
			);
			buildRules = (
			);
			dependencies = (
			);
			name = MyHabits;
			productName = MyHabits;
			productReference = 2A206EE02A2214510029D9D0 /* MyHabits.app */;
			productType = "com.apple.product-type.application";
		};
		2A206EEF2A2214520029D9D0 /* MyHabitsTests */ = {
			isa = PBXNativeTarget;
			buildConfigurationList = 2A206F072A2214520029D9D0 /* Build configuration list for PBXNativeTarget "MyHabitsTests" */;
			buildPhases = (
				2A206EEC2A2214520029D9D0 /* Sources */,
				2A206EED2A2214520029D9D0 /* Frameworks */,
				2A206EEE2A2214520029D9D0 /* Resources */,
			);
			buildRules = (
			);
			dependencies = (
				2A206EF22A2214520029D9D0 /* PBXTargetDependency */,
			);
			name = MyHabitsTests;
			productName = MyHabitsTests;
			productReference = 2A206EF02A2214520029D9D0 /* MyHabitsTests.xctest */;
			productType = "com.apple.product-type.bundle.unit-test";
		};
		2A206EF92A2214520029D9D0 /* MyHabitsUITests */ = {
			isa = PBXNativeTarget;
			buildConfigurationList = 2A206F0A2A2214520029D9D0 /* Build configuration list for PBXNativeTarget "MyHabitsUITests" */;
			buildPhases = (
				2A206EF62A2214520029D9D0 /* Sources */,
				2A206EF72A2214520029D9D0 /* Frameworks */,
				2A206EF82A2214520029D9D0 /* Resources */,
			);
			buildRules = (
			);
			dependencies = (
				2A206EFC2A2214520029D9D0 /* PBXTargetDependency */,
			);
			name = MyHabitsUITests;
			productName = MyHabitsUITests;
			productReference = 2A206EFA2A2214520029D9D0 /* MyHabitsUITests.xctest */;
			productType = "com.apple.product-type.bundle.ui-testing";
		};
/* End PBXNativeTarget section */

/* Begin PBXProject section */
		2A206ED82A2214510029D9D0 /* Project object */ = {
			isa = PBXProject;
			attributes = {
				BuildIndependentTargetsInParallel = 1;
				LastSwiftUpdateCheck = 1430;
				LastUpgradeCheck = 1430;
				TargetAttributes = {
					2A206EDF2A2214510029D9D0 = {
						CreatedOnToolsVersion = 14.3;
					};
					2A206EEF2A2214520029D9D0 = {
						CreatedOnToolsVersion = 14.3;
						TestTargetID = 2A206EDF2A2214510029D9D0;
					};
					2A206EF92A2214520029D9D0 = {
						CreatedOnToolsVersion = 14.3;
						TestTargetID = 2A206EDF2A2214510029D9D0;
					};
				};
			};
			buildConfigurationList = 2A206EDB2A2214510029D9D0 /* Build configuration list for PBXProject "MyHabits" */;
			compatibilityVersion = "Xcode 14.0";
			developmentRegion = en;
			hasScannedForEncodings = 0;
			knownRegions = (
				en,
				Base,
			);
			mainGroup = 2A206ED72A2214510029D9D0;
			productRefGroup = 2A206EE12A2214510029D9D0 /* Products */;
			projectDirPath = "";
			projectRoot = "";
			targets = (
				2A206EDF2A2214510029D9D0 /* MyHabits */,
				2A206EEF2A2214520029D9D0 /* MyHabitsTests */,
				2A206EF92A2214520029D9D0 /* MyHabitsUITests */,
			);
		};
/* End PBXProject section */

/* Begin PBXResourcesBuildPhase section */
		2A206EDE2A2214510029D9D0 /* Resources */ = {
			isa = PBXResourcesBuildPhase;
			buildActionMask = 2147483647;
			files = (
				2A206EEB2A2214520029D9D0 /* Preview Assets.xcassets in Resources */,
				2A206EE82A2214520029D9D0 /* Assets.xcassets in Resources */,
			);
			runOnlyForDeploymentPostprocessing = 0;
		};
		2A206EEE2A2214520029D9D0 /* Resources */ = {
			isa = PBXResourcesBuildPhase;
			buildActionMask = 2147483647;
			files = (
			);
			runOnlyForDeploymentPostprocessing = 0;
		};
		2A206EF82A2214520029D9D0 /* Resources */ = {
			isa = PBXResourcesBuildPhase;
			buildActionMask = 2147483647;
			files = (
			);
			runOnlyForDeploymentPostprocessing = 0;
		};
/* End PBXResourcesBuildPhase section */

/* Begin PBXSourcesBuildPhase section */
		2A206EDC2A2214510029D9D0 /* Sources */ = {
			isa = PBXSourcesBuildPhase;
			buildActionMask = 2147483647;
			files = (
				2A206EE62A2214510029D9D0 /* ContentView.swift in Sources */,
				2A206EE42A2214510029D9D0 /* MyHabitsApp.swift in Sources */,
			);
			runOnlyForDeploymentPostprocessing = 0;
		};
		2A206EEC2A2214520029D9D0 /* Sources */ = {
			isa = PBXSourcesBuildPhase;
			buildActionMask = 2147483647;
			files = (
				2A206EF52A2214520029D9D0 /* MyHabitsTests.swift in Sources */,
			);
			runOnlyForDeploymentPostprocessing = 0;
		};
		2A206EF62A2214520029D9D0 /* Sources */ = {
			isa = PBXSourcesBuildPhase;
			buildActionMask = 2147483647;
			files = (
				2A206F012A2214520029D9D0 /* MyHabitsUITestsLaunchTests.swift in Sources */,
				2A206EFF2A2214520029D9D0 /* MyHabitsUITests.swift in Sources */,
			);
			runOnlyForDeploymentPostprocessing = 0;
		};
/* End PBXSourcesBuildPhase section */

/* Begin PBXTargetDependency section */
		2A206EF22A2214520029D9D0 /* PBXTargetDependency */ = {
			isa = PBXTargetDependency;
			target = 2A206EDF2A2214510029D9D0 /* MyHabits */;
			targetProxy = 2A206EF12A2214520029D9D0 /* PBXContainerItemProxy */;
		};
		2A206EFC2A2214520029D9D0 /* PBXTargetDependency */ = {
			isa = PBXTargetDependency;
			target = 2A206EDF2A2214510029D9D0 /* MyHabits */;
			targetProxy = 2A206EFB2A2214520029D9D0 /* PBXContainerItemProxy */;
		};
/* End PBXTargetDependency section */

/* Begin XCBuildConfiguration section */
		2A206F022A2214520029D9D0 /* Debug */ = {
			isa = XCBuildConfiguration;
			buildSettings = {
				ALWAYS_SEARCH_USER_PATHS = NO;
				CLANG_ANALYZER_NONNULL = YES;
				CLANG_ANALYZER_NUMBER_OBJECT_CONVERSION = YES_AGGRESSIVE;
				CLANG_CXX_LANGUAGE_STANDARD = "gnu++20";
				CLANG_ENABLE_MODULES = YES;
				CLANG_ENABLE_OBJC_ARC = YES;
				CLANG_ENABLE_OBJC_WEAK = YES;
				CLANG_WARN_BLOCK_CAPTURE_AUTORELEASING = YES;
				CLANG_WARN_BOOL_CONVERSION = YES;
				CLANG_WARN_COMMA = YES;
				CLANG_WARN_CONSTANT_CONVERSION = YES;
				CLANG_WARN_DEPRECATED_OBJC_IMPLEMENTATIONS = YES;
				CLANG_WARN_DIRECT_OBJC_ISA_USAGE = YES_ERROR;
				CLANG_WARN_DOCUMENTATION_COMMENTS = YES;
				CLANG_WARN_EMPTY_BODY = YES;
				CLANG_WARN_ENUM_CONVERSION = YES;
				CLANG_WARN_INFINITE_RECURSION = YES;
				CLANG_WARN_INT_CONVERSION = YES;
				CLANG_WARN_NON_LITERAL_NULL_CONVERSION = YES;
				CLANG_WARN_OBJC_IMPLICIT_RETAIN_SELF = YES;
				CLANG_WARN_OBJC_LITERAL_CONVERSION = YES;
				CLANG_WARN_OBJC_ROOT_CLASS = YES_ERROR;
				CLANG_WARN_QUOTED_INCLUDE_IN_FRAMEWORK_HEADER = YES;
				CLANG_WARN_RANGE_LOOP_ANALYSIS = YES;
				CLANG_WARN_STRICT_PROTOTYPES = YES;
				CLANG_WARN_SUSPICIOUS_MOVE = YES;
				CLANG_WARN_UNGUARDED_AVAILABILITY = YES_AGGRESSIVE;
				CLANG_WARN_UNREACHABLE_CODE = YES;
				CLANG_WARN__DUPLICATE_METHOD_MATCH = YES;
				COPY_PHASE_STRIP = NO;
				DEBUG_INFORMATION_FORMAT = dwarf;
				ENABLE_STRICT_OBJC_MSGSEND = YES;
				ENABLE_TESTABILITY = YES;
				GCC_C_LANGUAGE_STANDARD = gnu11;
				GCC_DYNAMIC_NO_PIC = NO;
				GCC_NO_COMMON_BLOCKS = YES;
				GCC_OPTIMIZATION_LEVEL = 0;
				GCC_PREPROCESSOR_DEFINITIONS = (
					"DEBUG=1",
					"$(inherited)",
				);
				GCC_WARN_64_TO_32_BIT_CONVERSION = YES;
				GCC_WARN_ABOUT_RETURN_TYPE = YES_ERROR;
				GCC_WARN_UNDECLARED_SELECTOR = YES;
				GCC_WARN_UNINITIALIZED_AUTOS = YES_AGGRESSIVE;
				GCC_WARN_UNUSED_FUNCTION = YES;
				GCC_WARN_UNUSED_VARIABLE = YES;
				IPHONEOS_DEPLOYMENT_TARGET = 16.4;
				MTL_ENABLE_DEBUG_INFO = INCLUDE_SOURCE;
				MTL_FAST_MATH = YES;
				ONLY_ACTIVE_ARCH = YES;
				SDKROOT = iphoneos;
				SWIFT_ACTIVE_COMPILATION_CONDITIONS = DEBUG;
				SWIFT_OPTIMIZATION_LEVEL = "-Onone";
			};
			name = Debug;
		};
		2A206F032A2214520029D9D0 /* Release */ = {
			isa = XCBuildConfiguration;
			buildSettings = {
				ALWAYS_SEARCH_USER_PATHS = NO;
				CLANG_ANALYZER_NONNULL = YES;
				CLANG_ANALYZER_NUMBER_OBJECT_CONVERSION = YES_AGGRESSIVE;
				CLANG_CXX_LANGUAGE_STANDARD = "gnu++20";
				CLANG_ENABLE_MODULES = YES;
				CLANG_ENABLE_OBJC_ARC = YES;
				CLANG_ENABLE_OBJC_WEAK = YES;
				CLANG_WARN_BLOCK_CAPTURE_AUTORELEASING = YES;
				CLANG_WARN_BOOL_CONVERSION = YES;
				CLANG_WARN_COMMA = YES;
				CLANG_WARN_CONSTANT_CONVERSION = YES;
				CLANG_WARN_DEPRECATED_OBJC_IMPLEMENTATIONS = YES;
				CLANG_WARN_DIRECT_OBJC_ISA_USAGE = YES_ERROR;
				CLANG_WARN_DOCUMENTATION_COMMENTS = YES;
				CLANG_WARN_EMPTY_BODY = YES;
				CLANG_WARN_ENUM_CONVERSION = YES;
				CLANG_WARN_INFINITE_RECURSION = YES;
				CLANG_WARN_INT_CONVERSION = YES;
				CLANG_WARN_NON_LITERAL_NULL_CONVERSION = YES;
				CLANG_WARN_OBJC_IMPLICIT_RETAIN_SELF = YES;
				CLANG_WARN_OBJC_LITERAL_CONVERSION = YES;
				CLANG_WARN_OBJC_ROOT_CLASS = YES_ERROR;
				CLANG_WARN_QUOTED_INCLUDE_IN_FRAMEWORK_HEADER = YES;
				CLANG_WARN_RANGE_LOOP_ANALYSIS = YES;
				CLANG_WARN_STRICT_PROTOTYPES = YES;
				CLANG_WARN_SUSPICIOUS_MOVE = YES;
				CLANG_WARN_UNGUARDED_AVAILABILITY = YES_AGGRESSIVE;
				CLANG_WARN_UNREACHABLE_CODE = YES;
				CLANG_WARN__DUPLICATE_METHOD_MATCH = YES;
				COPY_PHASE_STRIP = NO;
				DEBUG_INFORMATION_FORMAT = "dwarf-with-dsym";
				ENABLE_NS_ASSERTIONS = NO;
				ENABLE_STRICT_OBJC_MSGSEND = YES;
				GCC_C_LANGUAGE_STANDARD = gnu11;
				GCC_NO_COMMON_BLOCKS = YES;
				GCC_WARN_64_TO_32_BIT_CONVERSION = YES;
				GCC_WARN_ABOUT_RETURN_TYPE = YES_ERROR;
				GCC_WARN_UNDECLARED_SELECTOR = YES;
				GCC_WARN_UNINITIALIZED_AUTOS = YES_AGGRESSIVE;
				GCC_WARN_UNUSED_FUNCTION = YES;
				GCC_WARN_UNUSED_VARIABLE = YES;
				IPHONEOS_DEPLOYMENT_TARGET = 16.4;
				MTL_ENABLE_DEBUG_INFO = NO;
				MTL_FAST_MATH = YES;
				SDKROOT = iphoneos;
				SWIFT_COMPILATION_MODE = wholemodule;
				SWIFT_OPTIMIZATION_LEVEL = "-O";
				VALIDATE_PRODUCT = YES;
			};
			name = Release;
		};
		2A206F052A2214520029D9D0 /* Debug */ = {
			isa = XCBuildConfiguration;
			buildSettings = {
				ASSETCATALOG_COMPILER_APPICON_NAME = AppIcon;
				ASSETCATALOG_COMPILER_GLOBAL_ACCENT_COLOR_NAME = AccentColor;
				CODE_SIGN_STYLE = Automatic;
				CURRENT_PROJECT_VERSION = 1;
				DEVELOPMENT_ASSET_PATHS = "\"MyHabits/Preview Content\"";
				DEVELOPMENT_TEAM = VYQ22WR7V7;
				ENABLE_PREVIEWS = YES;
				GENERATE_INFOPLIST_FILE = YES;
				INFOPLIST_KEY_UIApplicationSceneManifest_Generation = YES;
				INFOPLIST_KEY_UIApplicationSupportsIndirectInputEvents = YES;
				INFOPLIST_KEY_UILaunchScreen_Generation = YES;
				INFOPLIST_KEY_UISupportedInterfaceOrientations_iPad = "UIInterfaceOrientationPortrait UIInterfaceOrientationPortraitUpsideDown UIInterfaceOrientationLandscapeLeft UIInterfaceOrientationLandscapeRight";
				INFOPLIST_KEY_UISupportedInterfaceOrientations_iPhone = "UIInterfaceOrientationPortrait UIInterfaceOrientationLandscapeLeft UIInterfaceOrientationLandscapeRight";
				LD_RUNPATH_SEARCH_PATHS = (
					"$(inherited)",
					"@executable_path/Frameworks",
				);
				MARKETING_VERSION = 1.0;
				PRODUCT_BUNDLE_IDENTIFIER = chrishane.MyHabits;
				PRODUCT_NAME = "$(TARGET_NAME)";
				SWIFT_EMIT_LOC_STRINGS = YES;
				SWIFT_VERSION = 5.0;
				TARGETED_DEVICE_FAMILY = "1,2";
			};
			name = Debug;
		};
		2A206F062A2214520029D9D0 /* Release */ = {
			isa = XCBuildConfiguration;
			buildSettings = {
				ASSETCATALOG_COMPILER_APPICON_NAME = AppIcon;
				ASSETCATALOG_COMPILER_GLOBAL_ACCENT_COLOR_NAME = AccentColor;
				CODE_SIGN_STYLE = Automatic;
				CURRENT_PROJECT_VERSION = 1;
				DEVELOPMENT_ASSET_PATHS = "\"MyHabits/Preview Content\"";
				DEVELOPMENT_TEAM = VYQ22WR7V7;
				ENABLE_PREVIEWS = YES;
				GENERATE_INFOPLIST_FILE = YES;
				INFOPLIST_KEY_UIApplicationSceneManifest_Generation = YES;
				INFOPLIST_KEY_UIApplicationSupportsIndirectInputEvents = YES;
				INFOPLIST_KEY_UILaunchScreen_Generation = YES;
				INFOPLIST_KEY_UISupportedInterfaceOrientations_iPad = "UIInterfaceOrientationPortrait UIInterfaceOrientationPortraitUpsideDown UIInterfaceOrientationLandscapeLeft UIInterfaceOrientationLandscapeRight";
				INFOPLIST_KEY_UISupportedInterfaceOrientations_iPhone = "UIInterfaceOrientationPortrait UIInterfaceOrientationLandscapeLeft UIInterfaceOrientationLandscapeRight";
				LD_RUNPATH_SEARCH_PATHS = (
					"$(inherited)",
					"@executable_path/Frameworks",
				);
				MARKETING_VERSION = 1.0;
				PRODUCT_BUNDLE_IDENTIFIER = chrishane.MyHabits;
				PRODUCT_NAME = "$(TARGET_NAME)";
				SWIFT_EMIT_LOC_STRINGS = YES;
				SWIFT_VERSION = 5.0;
				TARGETED_DEVICE_FAMILY = "1,2";
			};
			name = Release;
		};
		2A206F082A2214520029D9D0 /* Debug */ = {
			isa = XCBuildConfiguration;
			buildSettings = {
				ALWAYS_EMBED_SWIFT_STANDARD_LIBRARIES = YES;
				BUNDLE_LOADER = "$(TEST_HOST)";
				CODE_SIGN_STYLE = Automatic;
				CURRENT_PROJECT_VERSION = 1;
				DEVELOPMENT_TEAM = VYQ22WR7V7;
				GENERATE_INFOPLIST_FILE = YES;
				IPHONEOS_DEPLOYMENT_TARGET = 16.4;
				MARKETING_VERSION = 1.0;
				PRODUCT_BUNDLE_IDENTIFIER = chrishane.MyHabitsTests;
				PRODUCT_NAME = "$(TARGET_NAME)";
				SWIFT_EMIT_LOC_STRINGS = NO;
				SWIFT_VERSION = 5.0;
				TARGETED_DEVICE_FAMILY = "1,2";
				TEST_HOST = "$(BUILT_PRODUCTS_DIR)/MyHabits.app/$(BUNDLE_EXECUTABLE_FOLDER_PATH)/MyHabits";
			};
			name = Debug;
		};
		2A206F092A2214520029D9D0 /* Release */ = {
			isa = XCBuildConfiguration;
			buildSettings = {
				ALWAYS_EMBED_SWIFT_STANDARD_LIBRARIES = YES;
				BUNDLE_LOADER = "$(TEST_HOST)";
				CODE_SIGN_STYLE = Automatic;
				CURRENT_PROJECT_VERSION = 1;
				DEVELOPMENT_TEAM = VYQ22WR7V7;
				GENERATE_INFOPLIST_FILE = YES;
				IPHONEOS_DEPLOYMENT_TARGET = 16.4;
				MARKETING_VERSION = 1.0;
				PRODUCT_BUNDLE_IDENTIFIER = chrishane.MyHabitsTests;
				PRODUCT_NAME = "$(TARGET_NAME)";
				SWIFT_EMIT_LOC_STRINGS = NO;
				SWIFT_VERSION = 5.0;
				TARGETED_DEVICE_FAMILY = "1,2";
				TEST_HOST = "$(BUILT_PRODUCTS_DIR)/MyHabits.app/$(BUNDLE_EXECUTABLE_FOLDER_PATH)/MyHabits";
			};
			name = Release;
		};
		2A206F0B2A2214520029D9D0 /* Debug */ = {
			isa = XCBuildConfiguration;
			buildSettings = {
				ALWAYS_EMBED_SWIFT_STANDARD_LIBRARIES = YES;
				CODE_SIGN_STYLE = Automatic;
				CURRENT_PROJECT_VERSION = 1;
				DEVELOPMENT_TEAM = VYQ22WR7V7;
				GENERATE_INFOPLIST_FILE = YES;
				MARKETING_VERSION = 1.0;
				PRODUCT_BUNDLE_IDENTIFIER = chrishane.MyHabitsUITests;
				PRODUCT_NAME = "$(TARGET_NAME)";
				SWIFT_EMIT_LOC_STRINGS = NO;
				SWIFT_VERSION = 5.0;
				TARGETED_DEVICE_FAMILY = "1,2";
				TEST_TARGET_NAME = MyHabits;
			};
			name = Debug;
		};
		2A206F0C2A2214520029D9D0 /* Release */ = {
			isa = XCBuildConfiguration;
			buildSettings = {
				ALWAYS_EMBED_SWIFT_STANDARD_LIBRARIES = YES;
				CODE_SIGN_STYLE = Automatic;
				CURRENT_PROJECT_VERSION = 1;
				DEVELOPMENT_TEAM = VYQ22WR7V7;
				GENERATE_INFOPLIST_FILE = YES;
				MARKETING_VERSION = 1.0;
				PRODUCT_BUNDLE_IDENTIFIER = chrishane.MyHabitsUITests;
				PRODUCT_NAME = "$(TARGET_NAME)";
				SWIFT_EMIT_LOC_STRINGS = NO;
				SWIFT_VERSION = 5.0;
				TARGETED_DEVICE_FAMILY = "1,2";
				TEST_TARGET_NAME = MyHabits;
			};
			name = Release;
		};
/* End XCBuildConfiguration section */

/* Begin XCConfigurationList section */
		2A206EDB2A2214510029D9D0 /* Build configuration list for PBXProject "MyHabits" */ = {
			isa = XCConfigurationList;
			buildConfigurations = (
				2A206F022A2214520029D9D0 /* Debug */,
				2A206F032A2214520029D9D0 /* Release */,
			);
			defaultConfigurationIsVisible = 0;
			defaultConfigurationName = Release;
		};
		2A206F042A2214520029D9D0 /* Build configuration list for PBXNativeTarget "MyHabits" */ = {
			isa = XCConfigurationList;
			buildConfigurations = (
				2A206F052A2214520029D9D0 /* Debug */,
				2A206F062A2214520029D9D0 /* Release */,
			);
			defaultConfigurationIsVisible = 0;
			defaultConfigurationName = Release;
		};
		2A206F072A2214520029D9D0 /* Build configuration list for PBXNativeTarget "MyHabitsTests" */ = {
			isa = XCConfigurationList;
			buildConfigurations = (
				2A206F082A2214520029D9D0 /* Debug */,
				2A206F092A2214520029D9D0 /* Release */,
			);
			defaultConfigurationIsVisible = 0;
			defaultConfigurationName = Release;
		};
		2A206F0A2A2214520029D9D0 /* Build configuration list for PBXNativeTarget "MyHabitsUITests" */ = {
			isa = XCConfigurationList;
			buildConfigurations = (
				2A206F0B2A2214520029D9D0 /* Debug */,
				2A206F0C2A2214520029D9D0 /* Release */,
			);
			defaultConfigurationIsVisible = 0;
			defaultConfigurationName = Release;
		};
/* End XCConfigurationList section */
	};
	rootObject = 2A206ED82A2214510029D9D0 /* Project object */;
}
